// !$*UTF8*$!
{
	archiveVersion = 1;
	classes = {
	};
	objectVersion = 51;
	objects = {

/* Begin PBXBuildFile section */
		2C1DA269239E477B00C64127 /* readMainViewController.swift in Sources */ = {isa = PBXBuildFile; fileRef = 2C1DA268239E477B00C64127 /* readMainViewController.swift */; };
		2C2CAF1A238BEDB90062D3D0 /* GoogleService-Info.plist in Resources */ = {isa = PBXBuildFile; fileRef = 2C2CAF19238BEDB90062D3D0 /* GoogleService-Info.plist */; };
		2C654851238C326F00DA6A82 /* TabNavigationController.swift in Sources */ = {isa = PBXBuildFile; fileRef = 2C654850238C326F00DA6A82 /* TabNavigationController.swift */; };
		2C81D9A3239469B200ED2FFF /* Story.swift in Sources */ = {isa = PBXBuildFile; fileRef = 2C81D9A2239469B200ED2FFF /* Story.swift */; };
		2C81D9A72394F2B300ED2FFF /* WriteViewController.swift in Sources */ = {isa = PBXBuildFile; fileRef = 2C81D9A62394F2B300ED2FFF /* WriteViewController.swift */; };
		2CB5D4FF238D3E3C0053DF20 /* CreatePageViewController.swift in Sources */ = {isa = PBXBuildFile; fileRef = 2CB5D4FE238D3E3C0053DF20 /* CreatePageViewController.swift */; };
		2CB5D504238D412E0053DF20 /* BookCellsTableViewCell.swift in Sources */ = {isa = PBXBuildFile; fileRef = 2CB5D502238D412E0053DF20 /* BookCellsTableViewCell.swift */; };
		2CB5D505238D412E0053DF20 /* BookCellsTableViewCell.xib in Resources */ = {isa = PBXBuildFile; fileRef = 2CB5D503238D412E0053DF20 /* BookCellsTableViewCell.xib */; };
		2CD5BEE2238BCF4600DA91DF /* AppDelegate.swift in Sources */ = {isa = PBXBuildFile; fileRef = 2CD5BEE1238BCF4600DA91DF /* AppDelegate.swift */; };
		2CD5BEE4238BCF4600DA91DF /* SceneDelegate.swift in Sources */ = {isa = PBXBuildFile; fileRef = 2CD5BEE3238BCF4600DA91DF /* SceneDelegate.swift */; };
		2CD5BEE6238BCF4600DA91DF /* WelcomePageController.swift in Sources */ = {isa = PBXBuildFile; fileRef = 2CD5BEE5238BCF4600DA91DF /* WelcomePageController.swift */; };
		2CD5BEE9238BCF4600DA91DF /* Main.storyboard in Resources */ = {isa = PBXBuildFile; fileRef = 2CD5BEE7238BCF4600DA91DF /* Main.storyboard */; };
		2CD5BEEC238BCF4600DA91DF /* ShortStories.xcdatamodeld in Sources */ = {isa = PBXBuildFile; fileRef = 2CD5BEEA238BCF4600DA91DF /* ShortStories.xcdatamodeld */; };
		2CD5BEEE238BCF4800DA91DF /* Assets.xcassets in Resources */ = {isa = PBXBuildFile; fileRef = 2CD5BEED238BCF4800DA91DF /* Assets.xcassets */; };
		2CD5BEF1238BCF4800DA91DF /* LaunchScreen.storyboard in Resources */ = {isa = PBXBuildFile; fileRef = 2CD5BEEF238BCF4800DA91DF /* LaunchScreen.storyboard */; };
		2CD5BEFA238BD27300DA91DF /* LogInView.swift in Sources */ = {isa = PBXBuildFile; fileRef = 2CD5BEF9238BD27300DA91DF /* LogInView.swift */; };
		2CD5BEFC238BD2F600DA91DF /* SignUpView.swift in Sources */ = {isa = PBXBuildFile; fileRef = 2CD5BEFB238BD2F600DA91DF /* SignUpView.swift */; };
		2CF487F5238C0DD3008F1326 /* HomeViewController.swift in Sources */ = {isa = PBXBuildFile; fileRef = 2CF487F4238C0DD3008F1326 /* HomeViewController.swift */; };
		C33ADAC566D0A522D1D1A2AB /* Pods_ShortStories.framework in Frameworks */ = {isa = PBXBuildFile; fileRef = C7EC6DCDD1A5E8EB3F6B17CC /* Pods_ShortStories.framework */; };
/* End PBXBuildFile section */

/* Begin PBXFileReference section */
		03BB8BF9EC368992FAEBE3B6 /* Pods-ShortStories.debug.xcconfig */ = {isa = PBXFileReference; includeInIndex = 1; lastKnownFileType = text.xcconfig; name = "Pods-ShortStories.debug.xcconfig"; path = "Target Support Files/Pods-ShortStories/Pods-ShortStories.debug.xcconfig"; sourceTree = "<group>"; };
		2C1DA268239E477B00C64127 /* readMainViewController.swift */ = {isa = PBXFileReference; lastKnownFileType = sourcecode.swift; path = readMainViewController.swift; sourceTree = "<group>"; };
		2C2CAF19238BEDB90062D3D0 /* GoogleService-Info.plist */ = {isa = PBXFileReference; fileEncoding = 4; lastKnownFileType = text.plist.xml; path = "GoogleService-Info.plist"; sourceTree = "<group>"; };
		2C654850238C326F00DA6A82 /* TabNavigationController.swift */ = {isa = PBXFileReference; lastKnownFileType = sourcecode.swift; path = TabNavigationController.swift; sourceTree = "<group>"; };
		2C81D9A2239469B200ED2FFF /* Story.swift */ = {isa = PBXFileReference; lastKnownFileType = sourcecode.swift; name = Story.swift; path = /Users/hubertrzeminski/Desktop/ShortStories/ShortStories/CustomClasses/Story.swift; sourceTree = "<absolute>"; };
		2C81D9A62394F2B300ED2FFF /* WriteViewController.swift */ = {isa = PBXFileReference; lastKnownFileType = sourcecode.swift; path = WriteViewController.swift; sourceTree = "<group>"; };
		2CB5D4FE238D3E3C0053DF20 /* CreatePageViewController.swift */ = {isa = PBXFileReference; lastKnownFileType = sourcecode.swift; path = CreatePageViewController.swift; sourceTree = "<group>"; };
		2CB5D502238D412E0053DF20 /* BookCellsTableViewCell.swift */ = {isa = PBXFileReference; lastKnownFileType = sourcecode.swift; path = BookCellsTableViewCell.swift; sourceTree = "<group>"; };
		2CB5D503238D412E0053DF20 /* BookCellsTableViewCell.xib */ = {isa = PBXFileReference; lastKnownFileType = file.xib; path = BookCellsTableViewCell.xib; sourceTree = "<group>"; };
		2CD5BEDE238BCF4600DA91DF /* ShortStories.app */ = {isa = PBXFileReference; explicitFileType = wrapper.application; includeInIndex = 0; path = ShortStories.app; sourceTree = BUILT_PRODUCTS_DIR; };
		2CD5BEE1238BCF4600DA91DF /* AppDelegate.swift */ = {isa = PBXFileReference; lastKnownFileType = sourcecode.swift; path = AppDelegate.swift; sourceTree = "<group>"; };
		2CD5BEE3238BCF4600DA91DF /* SceneDelegate.swift */ = {isa = PBXFileReference; lastKnownFileType = sourcecode.swift; path = SceneDelegate.swift; sourceTree = "<group>"; };
		2CD5BEE5238BCF4600DA91DF /* WelcomePageController.swift */ = {isa = PBXFileReference; lastKnownFileType = sourcecode.swift; path = WelcomePageController.swift; sourceTree = "<group>"; };
		2CD5BEE8238BCF4600DA91DF /* Base */ = {isa = PBXFileReference; lastKnownFileType = file.storyboard; name = Base; path = Base.lproj/Main.storyboard; sourceTree = "<group>"; };
		2CD5BEEB238BCF4600DA91DF /* ShortStories.xcdatamodel */ = {isa = PBXFileReference; lastKnownFileType = wrapper.xcdatamodel; path = ShortStories.xcdatamodel; sourceTree = "<group>"; };
		2CD5BEED238BCF4800DA91DF /* Assets.xcassets */ = {isa = PBXFileReference; lastKnownFileType = folder.assetcatalog; path = Assets.xcassets; sourceTree = "<group>"; };
		2CD5BEF0238BCF4800DA91DF /* Base */ = {isa = PBXFileReference; lastKnownFileType = file.storyboard; name = Base; path = Base.lproj/LaunchScreen.storyboard; sourceTree = "<group>"; };
		2CD5BEF2238BCF4800DA91DF /* Info.plist */ = {isa = PBXFileReference; lastKnownFileType = text.plist.xml; path = Info.plist; sourceTree = "<group>"; };
		2CD5BEF9238BD27300DA91DF /* LogInView.swift */ = {isa = PBXFileReference; lastKnownFileType = sourcecode.swift; path = LogInView.swift; sourceTree = "<group>"; };
		2CD5BEFB238BD2F600DA91DF /* SignUpView.swift */ = {isa = PBXFileReference; lastKnownFileType = sourcecode.swift; path = SignUpView.swift; sourceTree = "<group>"; };
		2CF487F4238C0DD3008F1326 /* HomeViewController.swift */ = {isa = PBXFileReference; lastKnownFileType = sourcecode.swift; path = HomeViewController.swift; sourceTree = "<group>"; };
		6A03FA0401FC8A0F8D1E906A /* Pods-ShortStories.release.xcconfig */ = {isa = PBXFileReference; includeInIndex = 1; lastKnownFileType = text.xcconfig; name = "Pods-ShortStories.release.xcconfig"; path = "Target Support Files/Pods-ShortStories/Pods-ShortStories.release.xcconfig"; sourceTree = "<group>"; };
		C7EC6DCDD1A5E8EB3F6B17CC /* Pods_ShortStories.framework */ = {isa = PBXFileReference; explicitFileType = wrapper.framework; includeInIndex = 0; path = Pods_ShortStories.framework; sourceTree = BUILT_PRODUCTS_DIR; };
/* End PBXFileReference section */

/* Begin PBXFrameworksBuildPhase section */
		2CD5BEDB238BCF4600DA91DF /* Frameworks */ = {
			isa = PBXFrameworksBuildPhase;
			buildActionMask = 2147483647;
			files = (
				C33ADAC566D0A522D1D1A2AB /* Pods_ShortStories.framework in Frameworks */,
			);
			runOnlyForDeploymentPostprocessing = 0;
		};
/* End PBXFrameworksBuildPhase section */

/* Begin PBXGroup section */
		29E28266971ED2E51A642F85 /* Pods */ = {
			isa = PBXGroup;
			children = (
				03BB8BF9EC368992FAEBE3B6 /* Pods-ShortStories.debug.xcconfig */,
				6A03FA0401FC8A0F8D1E906A /* Pods-ShortStories.release.xcconfig */,
			);
			path = Pods;
			sourceTree = "<group>";
		};
		2CB5D506238D43430053DF20 /* CustomClasses */ = {
			isa = PBXGroup;
			children = (
				2C81D9A2239469B200ED2FFF /* Story.swift */,
				2CB5D502238D412E0053DF20 /* BookCellsTableViewCell.swift */,
				2CB5D503238D412E0053DF20 /* BookCellsTableViewCell.xib */,
			);
			path = CustomClasses;
			sourceTree = "<group>";
		};
		2CD5BED5238BCF4600DA91DF = {
			isa = PBXGroup;
			children = (
				2CD5BEE0238BCF4600DA91DF /* ShortStories */,
				2CD5BEDF238BCF4600DA91DF /* Products */,
				29E28266971ED2E51A642F85 /* Pods */,
				34CBE262D877E40E64E835A8 /* Frameworks */,
			);
			sourceTree = "<group>";
		};
		2CD5BEDF238BCF4600DA91DF /* Products */ = {
			isa = PBXGroup;
			children = (
				2CD5BEDE238BCF4600DA91DF /* ShortStories.app */,
			);
			name = Products;
			sourceTree = "<group>";
		};
		2CD5BEE0238BCF4600DA91DF /* ShortStories */ = {
			isa = PBXGroup;
			children = (
				2CF487F6238C0DE0008F1326 /* MainViews */,
				2CD5BEF8238BD24E00DA91DF /* signInViews */,
				2CB5D506238D43430053DF20 /* CustomClasses */,
				2CD5BEE1238BCF4600DA91DF /* AppDelegate.swift */,
				2CD5BEE3238BCF4600DA91DF /* SceneDelegate.swift */,
				2C2CAF19238BEDB90062D3D0 /* GoogleService-Info.plist */,
				2CD5BEE7238BCF4600DA91DF /* Main.storyboard */,
				2C654850238C326F00DA6A82 /* TabNavigationController.swift */,
				2CD5BEED238BCF4800DA91DF /* Assets.xcassets */,
				2CD5BEEF238BCF4800DA91DF /* LaunchScreen.storyboard */,
				2CD5BEF2238BCF4800DA91DF /* Info.plist */,
				2CD5BEEA238BCF4600DA91DF /* ShortStories.xcdatamodeld */,
			);
			path = ShortStories;
			sourceTree = "<group>";
		};
		2CD5BEF8238BD24E00DA91DF /* signInViews */ = {
			isa = PBXGroup;
			children = (
				2CD5BEF9238BD27300DA91DF /* LogInView.swift */,
				2CD5BEFB238BD2F600DA91DF /* SignUpView.swift */,
				2CD5BEE5238BCF4600DA91DF /* WelcomePageController.swift */,
			);
			path = signInViews;
			sourceTree = "<group>";
		};
		2CF487F6238C0DE0008F1326 /* MainViews */ = {
			isa = PBXGroup;
			children = (
				2CF487F4238C0DD3008F1326 /* HomeViewController.swift */,
				2CB5D4FE238D3E3C0053DF20 /* CreatePageViewController.swift */,
				2C81D9A62394F2B300ED2FFF /* WriteViewController.swift */,
				2C1DA268239E477B00C64127 /* readMainViewController.swift */,
			);
			path = MainViews;
			sourceTree = "<group>";
		};
		34CBE262D877E40E64E835A8 /* Frameworks */ = {
			isa = PBXGroup;
			children = (
				C7EC6DCDD1A5E8EB3F6B17CC /* Pods_ShortStories.framework */,
			);
			name = Frameworks;
			sourceTree = "<group>";
		};
/* End PBXGroup section */

/* Begin PBXNativeTarget section */
		2CD5BEDD238BCF4600DA91DF /* ShortStories */ = {
			isa = PBXNativeTarget;
			buildConfigurationList = 2CD5BEF5238BCF4800DA91DF /* Build configuration list for PBXNativeTarget "ShortStories" */;
			buildPhases = (
				EE4D106D6AFB3FF8506125A0 /* [CP] Check Pods Manifest.lock */,
				2CD5BEDA238BCF4600DA91DF /* Sources */,
				2CD5BEDB238BCF4600DA91DF /* Frameworks */,
				2CD5BEDC238BCF4600DA91DF /* Resources */,
				178E38633625A18812E367EE /* [CP] Embed Pods Frameworks */,
				C1917E7F2D81A3748D0A26B0 /* [CP] Copy Pods Resources */,
			);
			buildRules = (
			);
			dependencies = (
			);
			name = ShortStories;
			productName = ShortStories;
			productReference = 2CD5BEDE238BCF4600DA91DF /* ShortStories.app */;
			productType = "com.apple.product-type.application";
		};
/* End PBXNativeTarget section */

/* Begin PBXProject section */
		2CD5BED6238BCF4600DA91DF /* Project object */ = {
			isa = PBXProject;
			attributes = {
				LastSwiftUpdateCheck = 1120;
				LastUpgradeCheck = 1120;
				ORGANIZATIONNAME = "Hubert Rzeminski";
				TargetAttributes = {
					2CD5BEDD238BCF4600DA91DF = {
						CreatedOnToolsVersion = 11.2;
					};
				};
			};
			buildConfigurationList = 2CD5BED9238BCF4600DA91DF /* Build configuration list for PBXProject "ShortStories" */;
			compatibilityVersion = "Xcode 9.3";
			developmentRegion = en;
			hasScannedForEncodings = 0;
			knownRegions = (
				en,
				Base,
			);
			mainGroup = 2CD5BED5238BCF4600DA91DF;
			productRefGroup = 2CD5BEDF238BCF4600DA91DF /* Products */;
			projectDirPath = "";
			projectRoot = "";
			targets = (
				2CD5BEDD238BCF4600DA91DF /* ShortStories */,
			);
		};
/* End PBXProject section */

/* Begin PBXResourcesBuildPhase section */
		2CD5BEDC238BCF4600DA91DF /* Resources */ = {
			isa = PBXResourcesBuildPhase;
			buildActionMask = 2147483647;
			files = (
				2CD5BEF1238BCF4800DA91DF /* LaunchScreen.storyboard in Resources */,
				2C2CAF1A238BEDB90062D3D0 /* GoogleService-Info.plist in Resources */,
				2CD5BEEE238BCF4800DA91DF /* Assets.xcassets in Resources */,
				2CD5BEE9238BCF4600DA91DF /* Main.storyboard in Resources */,
				2CB5D505238D412E0053DF20 /* BookCellsTableViewCell.xib in Resources */,
			);
			runOnlyForDeploymentPostprocessing = 0;
		};
/* End PBXResourcesBuildPhase section */

/* Begin PBXShellScriptBuildPhase section */
		178E38633625A18812E367EE /* [CP] Embed Pods Frameworks */ = {
			isa = PBXShellScriptBuildPhase;
			buildActionMask = 2147483647;
			files = (
			);
			inputFileListPaths = (
				"${PODS_ROOT}/Target Support Files/Pods-ShortStories/Pods-ShortStories-frameworks-${CONFIGURATION}-input-files.xcfilelist",
			);
			name = "[CP] Embed Pods Frameworks";
			outputFileListPaths = (
				"${PODS_ROOT}/Target Support Files/Pods-ShortStories/Pods-ShortStories-frameworks-${CONFIGURATION}-output-files.xcfilelist",
			);
			runOnlyForDeploymentPostprocessing = 0;
			shellPath = /bin/sh;
			shellScript = "\"${PODS_ROOT}/Target Support Files/Pods-ShortStories/Pods-ShortStories-frameworks.sh\"\n";
			showEnvVarsInLog = 0;
		};
		C1917E7F2D81A3748D0A26B0 /* [CP] Copy Pods Resources */ = {
			isa = PBXShellScriptBuildPhase;
			buildActionMask = 2147483647;
			files = (
			);
			inputFileListPaths = (
				"${PODS_ROOT}/Target Support Files/Pods-ShortStories/Pods-ShortStories-resources-${CONFIGURATION}-input-files.xcfilelist",
			);
			name = "[CP] Copy Pods Resources";
			outputFileListPaths = (
				"${PODS_ROOT}/Target Support Files/Pods-ShortStories/Pods-ShortStories-resources-${CONFIGURATION}-output-files.xcfilelist",
			);
			runOnlyForDeploymentPostprocessing = 0;
			shellPath = /bin/sh;
			shellScript = "\"${PODS_ROOT}/Target Support Files/Pods-ShortStories/Pods-ShortStories-resources.sh\"\n";
			showEnvVarsInLog = 0;
		};
		EE4D106D6AFB3FF8506125A0 /* [CP] Check Pods Manifest.lock */ = {
			isa = PBXShellScriptBuildPhase;
			buildActionMask = 2147483647;
			files = (
			);
			inputFileListPaths = (
			);
			inputPaths = (
				"${PODS_PODFILE_DIR_PATH}/Podfile.lock",
				"${PODS_ROOT}/Manifest.lock",
			);
			name = "[CP] Check Pods Manifest.lock";
			outputFileListPaths = (
			);
			outputPaths = (
				"$(DERIVED_FILE_DIR)/Pods-ShortStories-checkManifestLockResult.txt",
			);
			runOnlyForDeploymentPostprocessing = 0;
			shellPath = /bin/sh;
			shellScript = "diff \"${PODS_PODFILE_DIR_PATH}/Podfile.lock\" \"${PODS_ROOT}/Manifest.lock\" > /dev/null\nif [ $? != 0 ] ; then\n    # print error to STDERR\n    echo \"error: The sandbox is not in sync with the Podfile.lock. Run 'pod install' or update your CocoaPods installation.\" >&2\n    exit 1\nfi\n# This output is used by Xcode 'outputs' to avoid re-running this script phase.\necho \"SUCCESS\" > \"${SCRIPT_OUTPUT_FILE_0}\"\n";
			showEnvVarsInLog = 0;
		};
/* End PBXShellScriptBuildPhase section */

/* Begin PBXSourcesBuildPhase section */
		2CD5BEDA238BCF4600DA91DF /* Sources */ = {
			isa = PBXSourcesBuildPhase;
			buildActionMask = 2147483647;
			files = (
				2CD5BEFA238BD27300DA91DF /* LogInView.swift in Sources */,
				2CD5BEE6238BCF4600DA91DF /* WelcomePageController.swift in Sources */,
				2CD5BEE2238BCF4600DA91DF /* AppDelegate.swift in Sources */,
				2C654851238C326F00DA6A82 /* TabNavigationController.swift in Sources */,
				2CD5BEEC238BCF4600DA91DF /* ShortStories.xcdatamodeld in Sources */,
				2C1DA269239E477B00C64127 /* readMainViewController.swift in Sources */,
				2CD5BEFC238BD2F600DA91DF /* SignUpView.swift in Sources */,
				2C81D9A72394F2B300ED2FFF /* WriteViewController.swift in Sources */,
				2CF487F5238C0DD3008F1326 /* HomeViewController.swift in Sources */,
				2CD5BEE4238BCF4600DA91DF /* SceneDelegate.swift in Sources */,
				2CB5D504238D412E0053DF20 /* BookCellsTableViewCell.swift in Sources */,
				2CB5D4FF238D3E3C0053DF20 /* CreatePageViewController.swift in Sources */,
				2C81D9A3239469B200ED2FFF /* Story.swift in Sources */,
			);
			runOnlyForDeploymentPostprocessing = 0;
		};
/* End PBXSourcesBuildPhase section */

/* Begin PBXVariantGroup section */
		2CD5BEE7238BCF4600DA91DF /* Main.storyboard */ = {
			isa = PBXVariantGroup;
			children = (
				2CD5BEE8238BCF4600DA91DF /* Base */,
			);
			name = Main.storyboard;
			sourceTree = "<group>";
		};
		2CD5BEEF238BCF4800DA91DF /* LaunchScreen.storyboard */ = {
			isa = PBXVariantGroup;
			children = (
				2CD5BEF0238BCF4800DA91DF /* Base */,
			);
			name = LaunchScreen.storyboard;
			sourceTree = "<group>";
		};
/* End PBXVariantGroup section */

/* Begin XCBuildConfiguration section */
		2CD5BEF3238BCF4800DA91DF /* Debug */ = {
			isa = XCBuildConfiguration;
			buildSettings = {
				ALWAYS_SEARCH_USER_PATHS = NO;
				CLANG_ANALYZER_NONNULL = YES;
				CLANG_ANALYZER_NUMBER_OBJECT_CONVERSION = YES_AGGRESSIVE;
				CLANG_CXX_LANGUAGE_STANDARD = "gnu++14";
				CLANG_CXX_LIBRARY = "libc++";
				CLANG_ENABLE_MODULES = YES;
				CLANG_ENABLE_OBJC_ARC = YES;
				CLANG_ENABLE_OBJC_WEAK = YES;
				CLANG_WARN_BLOCK_CAPTURE_AUTORELEASING = YES;
				CLANG_WARN_BOOL_CONVERSION = YES;
				CLANG_WARN_COMMA = YES;
				CLANG_WARN_CONSTANT_CONVERSION = YES;
				CLANG_WARN_DEPRECATED_OBJC_IMPLEMENTATIONS = YES;
				CLANG_WARN_DIRECT_OBJC_ISA_USAGE = YES_ERROR;
				CLANG_WARN_DOCUMENTATION_COMMENTS = YES;
				CLANG_WARN_EMPTY_BODY = YES;
				CLANG_WARN_ENUM_CONVERSION = YES;
				CLANG_WARN_INFINITE_RECURSION = YES;
				CLANG_WARN_INT_CONVERSION = YES;
				CLANG_WARN_NON_LITERAL_NULL_CONVERSION = YES;
				CLANG_WARN_OBJC_IMPLICIT_RETAIN_SELF = YES;
				CLANG_WARN_OBJC_LITERAL_CONVERSION = YES;
				CLANG_WARN_OBJC_ROOT_CLASS = YES_ERROR;
				CLANG_WARN_RANGE_LOOP_ANALYSIS = YES;
				CLANG_WARN_STRICT_PROTOTYPES = YES;
				CLANG_WARN_SUSPICIOUS_MOVE = YES;
				CLANG_WARN_UNGUARDED_AVAILABILITY = YES_AGGRESSIVE;
				CLANG_WARN_UNREACHABLE_CODE = YES;
				CLANG_WARN__DUPLICATE_METHOD_MATCH = YES;
				COPY_PHASE_STRIP = NO;
				DEBUG_INFORMATION_FORMAT = dwarf;
				ENABLE_STRICT_OBJC_MSGSEND = YES;
				ENABLE_TESTABILITY = YES;
				GCC_C_LANGUAGE_STANDARD = gnu11;
				GCC_DYNAMIC_NO_PIC = NO;
				GCC_NO_COMMON_BLOCKS = YES;
				GCC_OPTIMIZATION_LEVEL = 0;
				GCC_PREPROCESSOR_DEFINITIONS = (
					"DEBUG=1",
					"$(inherited)",
				);
				GCC_WARN_64_TO_32_BIT_CONVERSION = YES;
				GCC_WARN_ABOUT_RETURN_TYPE = YES_ERROR;
				GCC_WARN_UNDECLARED_SELECTOR = YES;
				GCC_WARN_UNINITIALIZED_AUTOS = YES_AGGRESSIVE;
				GCC_WARN_UNUSED_FUNCTION = YES;
				GCC_WARN_UNUSED_VARIABLE = YES;
				IPHONEOS_DEPLOYMENT_TARGET = 13.2;
				MTL_ENABLE_DEBUG_INFO = INCLUDE_SOURCE;
				MTL_FAST_MATH = YES;
				ONLY_ACTIVE_ARCH = YES;
				SDKROOT = iphoneos;
				SWIFT_ACTIVE_COMPILATION_CONDITIONS = DEBUG;
				SWIFT_OPTIMIZATION_LEVEL = "-Onone";
			};
			name = Debug;
		};
		2CD5BEF4238BCF4800DA91DF /* Release */ = {
			isa = XCBuildConfiguration;
			buildSettings = {
				ALWAYS_SEARCH_USER_PATHS = NO;
				CLANG_ANALYZER_NONNULL = YES;
				CLANG_ANALYZER_NUMBER_OBJECT_CONVERSION = YES_AGGRESSIVE;
				CLANG_CXX_LANGUAGE_STANDARD = "gnu++14";
				CLANG_CXX_LIBRARY = "libc++";
				CLANG_ENABLE_MODULES = YES;
				CLANG_ENABLE_OBJC_ARC = YES;
				CLANG_ENABLE_OBJC_WEAK = YES;
				CLANG_WARN_BLOCK_CAPTURE_AUTORELEASING = YES;
				CLANG_WARN_BOOL_CONVERSION = YES;
				CLANG_WARN_COMMA = YES;
				CLANG_WARN_CONSTANT_CONVERSION = YES;
				CLANG_WARN_DEPRECATED_OBJC_IMPLEMENTATIONS = YES;
				CLANG_WARN_DIRECT_OBJC_ISA_USAGE = YES_ERROR;
				CLANG_WARN_DOCUMENTATION_COMMENTS = YES;
				CLANG_WARN_EMPTY_BODY = YES;
				CLANG_WARN_ENUM_CONVERSION = YES;
				CLANG_WARN_INFINITE_RECURSION = YES;
				CLANG_WARN_INT_CONVERSION = YES;
				CLANG_WARN_NON_LITERAL_NULL_CONVERSION = YES;
				CLANG_WARN_OBJC_IMPLICIT_RETAIN_SELF = YES;
				CLANG_WARN_OBJC_LITERAL_CONVERSION = YES;
				CLANG_WARN_OBJC_ROOT_CLASS = YES_ERROR;
				CLANG_WARN_RANGE_LOOP_ANALYSIS = YES;
				CLANG_WARN_STRICT_PROTOTYPES = YES;
				CLANG_WARN_SUSPICIOUS_MOVE = YES;
				CLANG_WARN_UNGUARDED_AVAILABILITY = YES_AGGRESSIVE;
				CLANG_WARN_UNREACHABLE_CODE = YES;
				CLANG_WARN__DUPLICATE_METHOD_MATCH = YES;
				COPY_PHASE_STRIP = NO;
				DEBUG_INFORMATION_FORMAT = "dwarf-with-dsym";
				ENABLE_NS_ASSERTIONS = NO;
				ENABLE_STRICT_OBJC_MSGSEND = YES;
				GCC_C_LANGUAGE_STANDARD = gnu11;
				GCC_NO_COMMON_BLOCKS = YES;
				GCC_WARN_64_TO_32_BIT_CONVERSION = YES;
				GCC_WARN_ABOUT_RETURN_TYPE = YES_ERROR;
				GCC_WARN_UNDECLARED_SELECTOR = YES;
				GCC_WARN_UNINITIALIZED_AUTOS = YES_AGGRESSIVE;
				GCC_WARN_UNUSED_FUNCTION = YES;
				GCC_WARN_UNUSED_VARIABLE = YES;
				IPHONEOS_DEPLOYMENT_TARGET = 13.2;
				MTL_ENABLE_DEBUG_INFO = NO;
				MTL_FAST_MATH = YES;
				SDKROOT = iphoneos;
				SWIFT_COMPILATION_MODE = wholemodule;
				SWIFT_OPTIMIZATION_LEVEL = "-O";
				VALIDATE_PRODUCT = YES;
			};
			name = Release;
		};
		2CD5BEF6238BCF4800DA91DF /* Debug */ = {
			isa = XCBuildConfiguration;
			baseConfigurationReference = 03BB8BF9EC368992FAEBE3B6 /* Pods-ShortStories.debug.xcconfig */;
			buildSettings = {
				ASSETCATALOG_COMPILER_APPICON_NAME = AppIcon;
				CODE_SIGN_STYLE = Automatic;
				INFOPLIST_FILE = ShortStories/Info.plist;
				LD_RUNPATH_SEARCH_PATHS = (
					"$(inherited)",
					"@executable_path/Frameworks",
				);
				PRODUCT_BUNDLE_IDENTIFIER = Hubert.ShortStories;
				PRODUCT_NAME = "$(TARGET_NAME)";
				SWIFT_VERSION = 5.0;
				TARGETED_DEVICE_FAMILY = "1,2";
			};
			name = Debug;
		};
		2CD5BEF7238BCF4800DA91DF /* Release */ = {
			isa = XCBuildConfiguration;
			baseConfigurationReference = 6A03FA0401FC8A0F8D1E906A /* Pods-ShortStories.release.xcconfig */;
			buildSettings = {
				ASSETCATALOG_COMPILER_APPICON_NAME = AppIcon;
				CODE_SIGN_STYLE = Automatic;
				INFOPLIST_FILE = ShortStories/Info.plist;
				LD_RUNPATH_SEARCH_PATHS = (
					"$(inherited)",
					"@executable_path/Frameworks",
				);
				PRODUCT_BUNDLE_IDENTIFIER = Hubert.ShortStories;
				PRODUCT_NAME = "$(TARGET_NAME)";
				SWIFT_VERSION = 5.0;
				TARGETED_DEVICE_FAMILY = "1,2";
			};
			name = Release;
		};
/* End XCBuildConfiguration section */

/* Begin XCConfigurationList section */
		2CD5BED9238BCF4600DA91DF /* Build configuration list for PBXProject "ShortStories" */ = {
			isa = XCConfigurationList;
			buildConfigurations = (
				2CD5BEF3238BCF4800DA91DF /* Debug */,
				2CD5BEF4238BCF4800DA91DF /* Release */,
			);
			defaultConfigurationIsVisible = 0;
			defaultConfigurationName = Release;
		};
		2CD5BEF5238BCF4800DA91DF /* Build configuration list for PBXNativeTarget "ShortStories" */ = {
			isa = XCConfigurationList;
			buildConfigurations = (
				2CD5BEF6238BCF4800DA91DF /* Debug */,
				2CD5BEF7238BCF4800DA91DF /* Release */,
			);
			defaultConfigurationIsVisible = 0;
			defaultConfigurationName = Release;
		};
/* End XCConfigurationList section */

/* Begin XCVersionGroup section */
		2CD5BEEA238BCF4600DA91DF /* ShortStories.xcdatamodeld */ = {
			isa = XCVersionGroup;
			children = (
				2CD5BEEB238BCF4600DA91DF /* ShortStories.xcdatamodel */,
			);
			currentVersion = 2CD5BEEB238BCF4600DA91DF /* ShortStories.xcdatamodel */;
			path = ShortStories.xcdatamodeld;
			sourceTree = "<group>";
			versionGroupType = wrapper.xcdatamodel;
		};
/* End XCVersionGroup section */
	};
	rootObject = 2CD5BED6238BCF4600DA91DF /* Project object */;
}
